
Microsoft Visual Studio Solution File, Format Version 12.00
# Visual Studio Version 17
VisualStudioVersion = 17.9.34723.18
MinimumVisualStudioVersion = 10.0.40219.1
Project("{9A19103F-16F7-4668-BE54-9A1E7A4F7556}") = "FornecedorAPI", "FornecedorAPI.csproj", "{BF6C1C0E-1679-41EA-B682-DD14576CBD3D}"
EndProject
Global
	GlobalSection(SolutionConfigurationPlatforms) = preSolution
		Debug|Any CPU = Debug|Any CPU
		Release|Any CPU = Release|Any CPU
	EndGlobalSection
	GlobalSection(ProjectConfigurationPlatforms) = postSolution
		{BF6C1C0E-1679-41EA-B682-DD14576CBD3D}.Debug|Any CPU.ActiveCfg = Debug|Any CPU
		{BF6C1C0E-1679-41EA-B682-DD14576CBD3D}.Debug|Any CPU.Build.0 = Debug|Any CPU
		{BF6C1C0E-1679-41EA-B682-DD14576CBD3D}.Release|Any CPU.ActiveCfg = Release|Any CPU
		{BF6C1C0E-1679-41EA-B682-DD14576CBD3D}.Release|Any CPU.Build.0 = Release|Any CPU
	EndGlobalSection
	GlobalSection(SolutionProperties) = preSolution
		HideSolutionNode = FALSE
	EndGlobalSection
	GlobalSection(ExtensibilityGlobals) = postSolution
		SolutionGuid = {58D0F385-D073-41BE-A3E0-4D784ADF0D53}
	EndGlobalSection
EndGlobal
